// !$*UTF8*$!
{
	archiveVersion = 1;
	classes = {
	};
	objectVersion = 56;
	objects = {

/* Begin PBXBuildFile section */
		6D4CFDF62C749ED50096D675 /* FirebaseAnalytics in Frameworks */ = {isa = PBXBuildFile; productRef = 6D4CFDF52C749ED50096D675 /* FirebaseAnalytics */; };
		6D4CFDF92C74A90D0096D675 /* FirebaseAuth in Frameworks */ = {isa = PBXBuildFile; productRef = 6D4CFDF82C74A90D0096D675 /* FirebaseAuth */; };
		6D4CFDFC2C74A9C10096D675 /* AuthenticationManager.swift in Sources */ = {isa = PBXBuildFile; fileRef = 6D4CFDFB2C74A9C10096D675 /* AuthenticationManager.swift */; };
		6D4CFDFE2C74AB8C0096D675 /* AuthDataResultModel.swift in Sources */ = {isa = PBXBuildFile; fileRef = 6D4CFDFD2C74AB8C0096D675 /* AuthDataResultModel.swift */; };
		6D4CFE022C74C7130096D675 /* GoogleService-Info.plist in Resources */ = {isa = PBXBuildFile; fileRef = 6D4CFE012C74C7130096D675 /* GoogleService-Info.plist */; };
		6D4CFE052C74C76A0096D675 /* GoogleSignIn in Frameworks */ = {isa = PBXBuildFile; productRef = 6D4CFE042C74C76A0096D675 /* GoogleSignIn */; };
		6D4CFE072C74C76A0096D675 /* GoogleSignInSwift in Frameworks */ = {isa = PBXBuildFile; productRef = 6D4CFE062C74C76A0096D675 /* GoogleSignInSwift */; };
		6D4CFE0D2C74CA620096D675 /* Utilities.swift in Sources */ = {isa = PBXBuildFile; fileRef = 6D4CFE0C2C74CA620096D675 /* Utilities.swift */; };
		6D4CFE0F2C74CD870096D675 /* GoogleSignInResultModel.swift in Sources */ = {isa = PBXBuildFile; fileRef = 6D4CFE0E2C74CD870096D675 /* GoogleSignInResultModel.swift */; };
		6D4CFE112C75E7150096D675 /* MyProfileScreenView.swift in Sources */ = {isa = PBXBuildFile; fileRef = 6D4CFE102C75E7150096D675 /* MyProfileScreenView.swift */; };
		6D4CFE132C75E90E0096D675 /* BottomBarNavigation.swift in Sources */ = {isa = PBXBuildFile; fileRef = 6D4CFE122C75E90E0096D675 /* BottomBarNavigation.swift */; };
		6D4CFE152C75F5CE0096D675 /* ProfileCard.swift in Sources */ = {isa = PBXBuildFile; fileRef = 6D4CFE142C75F5CE0096D675 /* ProfileCard.swift */; };
		6D4CFE172C75F62A0096D675 /* CardRow.swift in Sources */ = {isa = PBXBuildFile; fileRef = 6D4CFE162C75F62A0096D675 /* CardRow.swift */; };
		6D4CFE1F2C761D920096D675 /* FAQScreenView.swift in Sources */ = {isa = PBXBuildFile; fileRef = 6D4CFE1E2C761D920096D675 /* FAQScreenView.swift */; };
		6D4CFE212C7632FD0096D675 /* FAQ.swift in Sources */ = {isa = PBXBuildFile; fileRef = 6D4CFE202C7632FC0096D675 /* FAQ.swift */; };
		6D4CFE232C76335D0096D675 /* FAQList.swift in Sources */ = {isa = PBXBuildFile; fileRef = 6D4CFE222C76335D0096D675 /* FAQList.swift */; };
		6D4CFE252C776D2D0096D675 /* ChangePassView.swift in Sources */ = {isa = PBXBuildFile; fileRef = 6D4CFE242C776D2D0096D675 /* ChangePassView.swift */; };
		6D4CFE282C7779D40096D675 /* UserManager.swift in Sources */ = {isa = PBXBuildFile; fileRef = 6D4CFE272C7779D40096D675 /* UserManager.swift */; };
		6D4CFE2A2C777CFF0096D675 /* FirebaseFirestore in Frameworks */ = {isa = PBXBuildFile; productRef = 6D4CFE292C777CFF0096D675 /* FirebaseFirestore */; };
		6D4CFE2C2C7781BA0096D675 /* DBUser.swift in Sources */ = {isa = PBXBuildFile; fileRef = 6D4CFE2B2C7781BA0096D675 /* DBUser.swift */; };
		6D4CFE302C779A300096D675 /* EditProfileScreenView.swift in Sources */ = {isa = PBXBuildFile; fileRef = 6D4CFE2F2C779A300096D675 /* EditProfileScreenView.swift */; };
		6D62EA962C6B5A4500DDC95B /* TaskModel.swift in Sources */ = {isa = PBXBuildFile; fileRef = 6D62EA952C6B5A4500DDC95B /* TaskModel.swift */; };
		6D62EA992C6B5AB200DDC95B /* TaskView.swift in Sources */ = {isa = PBXBuildFile; fileRef = 6D62EA982C6B5AB200DDC95B /* TaskView.swift */; };
		6D62EA9B2C6B5AF500DDC95B /* TaskViewModel.swift in Sources */ = {isa = PBXBuildFile; fileRef = 6D62EA9A2C6B5AF500DDC95B /* TaskViewModel.swift */; };
		6D62EA9F2C6B5EE400DDC95B /* TextFieldView.swift in Sources */ = {isa = PBXBuildFile; fileRef = 6D62EA9E2C6B5EE400DDC95B /* TextFieldView.swift */; };
		6D62EAA32C6B612F00DDC95B /* ProfileScreenView.swift in Sources */ = {isa = PBXBuildFile; fileRef = 6D62EAA22C6B612F00DDC95B /* ProfileScreenView.swift */; };
		6D62EAA52C6B624300DDC95B /* EditProfileView.swift in Sources */ = {isa = PBXBuildFile; fileRef = 6D62EAA42C6B624300DDC95B /* EditProfileView.swift */; };
		6D62EAA72C6B6A3600DDC95B /* ProfileScreenViewModel.swift in Sources */ = {isa = PBXBuildFile; fileRef = 6D62EAA62C6B6A3600DDC95B /* ProfileScreenViewModel.swift */; };
		6D98A0422C6A2C8F000E3269 /* CreateTaskView.swift in Sources */ = {isa = PBXBuildFile; fileRef = 6D98A0412C6A2C8F000E3269 /* CreateTaskView.swift */; };
		6D98A0442C6A3CBA000E3269 /* TaskListView.swift in Sources */ = {isa = PBXBuildFile; fileRef = 6D98A0432C6A3CBA000E3269 /* TaskListView.swift */; };
		6DA1C96D2C78C03400252E1D /* FirebaseStorage in Frameworks */ = {isa = PBXBuildFile; productRef = 6DA1C96C2C78C03400252E1D /* FirebaseStorage */; };
		6DA1C96F2C7CADDA00252E1D /* NumberPickerInput.swift in Sources */ = {isa = PBXBuildFile; fileRef = 6DA1C96E2C7CADDA00252E1D /* NumberPickerInput.swift */; };
		6DB94C382C6E32CD004F4C6E /* Recurrence.swift in Sources */ = {isa = PBXBuildFile; fileRef = 6DB94C372C6E32CD004F4C6E /* Recurrence.swift */; };
		6DB94C3B2C6E32FC004F4C6E /* ReminderViewModel.swift in Sources */ = {isa = PBXBuildFile; fileRef = 6DB94C3A2C6E32FC004F4C6E /* ReminderViewModel.swift */; };
		6DB94C3D2C6E331D004F4C6E /* ReminderModel.swift in Sources */ = {isa = PBXBuildFile; fileRef = 6DB94C3C2C6E331D004F4C6E /* ReminderModel.swift */; };
		6DB94C3F2C6E333E004F4C6E /* ReminderView.swift in Sources */ = {isa = PBXBuildFile; fileRef = 6DB94C3E2C6E333E004F4C6E /* ReminderView.swift */; };
		6DB94C412C6E336D004F4C6E /* ReminderScreenView.swift in Sources */ = {isa = PBXBuildFile; fileRef = 6DB94C402C6E336D004F4C6E /* ReminderScreenView.swift */; };
		6DB94C432C6E3382004F4C6E /* CreateReminderScreenView.swift in Sources */ = {isa = PBXBuildFile; fileRef = 6DB94C422C6E3382004F4C6E /* CreateReminderScreenView.swift */; };
		6DC3394E2C6F5530004E991A /* NotificationManager.swift in Sources */ = {isa = PBXBuildFile; fileRef = 6DC3394D2C6F5530004E991A /* NotificationManager.swift */; };
		6DC339562C7341BA004E991A /* FlightsAppSplashScreen.storyboard in Resources */ = {isa = PBXBuildFile; fileRef = 6DC339552C7341BA004E991A /* FlightsAppSplashScreen.storyboard */; };
		6DC339582C73495A004E991A /* LoginScreenView.swift in Sources */ = {isa = PBXBuildFile; fileRef = 6DC339572C73495A004E991A /* LoginScreenView.swift */; };
		6DC3395C2C7350A1004E991A /* TextFieldInput.swift in Sources */ = {isa = PBXBuildFile; fileRef = 6DC3395B2C7350A1004E991A /* TextFieldInput.swift */; };
		6DC3395E2C735487004E991A /* CheckboxView.swift in Sources */ = {isa = PBXBuildFile; fileRef = 6DC3395D2C735487004E991A /* CheckboxView.swift */; };
		6DC339602C735517004E991A /* ButtonView.swift in Sources */ = {isa = PBXBuildFile; fileRef = 6DC3395F2C735517004E991A /* ButtonView.swift */; };
		6DC339622C73570F004E991A /* ButtonStyle.swift in Sources */ = {isa = PBXBuildFile; fileRef = 6DC339612C73570F004E991A /* ButtonStyle.swift */; };
		6DC339642C736E5A004E991A /* RegistrationScreenView.swift in Sources */ = {isa = PBXBuildFile; fileRef = 6DC339632C736E5A004E991A /* RegistrationScreenView.swift */; };
		6DC339662C73709D004E991A /* Break.swift in Sources */ = {isa = PBXBuildFile; fileRef = 6DC339652C73709D004E991A /* Break.swift */; };
		6DC339682C73751E004E991A /* UserModel.swift in Sources */ = {isa = PBXBuildFile; fileRef = 6DC339672C73751E004E991A /* UserModel.swift */; };
		6DC3396A2C737580004E991A /* UserViewModel.swift in Sources */ = {isa = PBXBuildFile; fileRef = 6DC339692C737580004E991A /* UserViewModel.swift */; };
		6DC3396E2C738245004E991A /* PasswordTextField.swift in Sources */ = {isa = PBXBuildFile; fileRef = 6DC3396D2C738245004E991A /* PasswordTextField.swift */; };
		BFF14E1C2C6A002C007B9632 /* InternshipAppApp.swift in Sources */ = {isa = PBXBuildFile; fileRef = BFF14E1B2C6A002C007B9632 /* InternshipAppApp.swift */; };
		BFF14E202C6A002E007B9632 /* Assets.xcassets in Resources */ = {isa = PBXBuildFile; fileRef = BFF14E1F2C6A002E007B9632 /* Assets.xcassets */; };
		BFF14E232C6A002E007B9632 /* Preview Assets.xcassets in Resources */ = {isa = PBXBuildFile; fileRef = BFF14E222C6A002E007B9632 /* Preview Assets.xcassets */; };
		BFF14E2D2C6A002F007B9632 /* InternshipAppTests.swift in Sources */ = {isa = PBXBuildFile; fileRef = BFF14E2C2C6A002F007B9632 /* InternshipAppTests.swift */; };
		BFF14E372C6A002F007B9632 /* InternshipAppUITests.swift in Sources */ = {isa = PBXBuildFile; fileRef = BFF14E362C6A002F007B9632 /* InternshipAppUITests.swift */; };
		BFF14E392C6A002F007B9632 /* InternshipAppUITestsLaunchTests.swift in Sources */ = {isa = PBXBuildFile; fileRef = BFF14E382C6A002F007B9632 /* InternshipAppUITestsLaunchTests.swift */; };
/* End PBXBuildFile section */

/* Begin PBXContainerItemProxy section */
		BFF14E292C6A002F007B9632 /* PBXContainerItemProxy */ = {
			isa = PBXContainerItemProxy;
			containerPortal = BFF14E102C6A002C007B9632 /* Project object */;
			proxyType = 1;
			remoteGlobalIDString = BFF14E172C6A002C007B9632;
			remoteInfo = InternshipApp;
		};
		BFF14E332C6A002F007B9632 /* PBXContainerItemProxy */ = {
			isa = PBXContainerItemProxy;
			containerPortal = BFF14E102C6A002C007B9632 /* Project object */;
			proxyType = 1;
			remoteGlobalIDString = BFF14E172C6A002C007B9632;
			remoteInfo = InternshipApp;
		};
/* End PBXContainerItemProxy section */

/* Begin PBXFileReference section */
		6D4CFDFB2C74A9C10096D675 /* AuthenticationManager.swift */ = {isa = PBXFileReference; lastKnownFileType = sourcecode.swift; path = AuthenticationManager.swift; sourceTree = "<group>"; };
		6D4CFDFD2C74AB8C0096D675 /* AuthDataResultModel.swift */ = {isa = PBXFileReference; lastKnownFileType = sourcecode.swift; path = AuthDataResultModel.swift; sourceTree = "<group>"; };
		6D4CFE012C74C7130096D675 /* GoogleService-Info.plist */ = {isa = PBXFileReference; fileEncoding = 4; lastKnownFileType = text.plist.xml; path = "GoogleService-Info.plist"; sourceTree = "<group>"; };
		6D4CFE082C74C7FB0096D675 /* Info.plist */ = {isa = PBXFileReference; lastKnownFileType = text.plist; path = Info.plist; sourceTree = "<group>"; };
		6D4CFE0C2C74CA620096D675 /* Utilities.swift */ = {isa = PBXFileReference; lastKnownFileType = sourcecode.swift; path = Utilities.swift; sourceTree = "<group>"; };
		6D4CFE0E2C74CD870096D675 /* GoogleSignInResultModel.swift */ = {isa = PBXFileReference; lastKnownFileType = sourcecode.swift; path = GoogleSignInResultModel.swift; sourceTree = "<group>"; };
		6D4CFE102C75E7150096D675 /* MyProfileScreenView.swift */ = {isa = PBXFileReference; lastKnownFileType = sourcecode.swift; path = MyProfileScreenView.swift; sourceTree = "<group>"; };
		6D4CFE122C75E90E0096D675 /* BottomBarNavigation.swift */ = {isa = PBXFileReference; lastKnownFileType = sourcecode.swift; path = BottomBarNavigation.swift; sourceTree = "<group>"; };
		6D4CFE142C75F5CE0096D675 /* ProfileCard.swift */ = {isa = PBXFileReference; lastKnownFileType = sourcecode.swift; path = ProfileCard.swift; sourceTree = "<group>"; };
		6D4CFE162C75F62A0096D675 /* CardRow.swift */ = {isa = PBXFileReference; lastKnownFileType = sourcecode.swift; path = CardRow.swift; sourceTree = "<group>"; };
		6D4CFE1E2C761D920096D675 /* FAQScreenView.swift */ = {isa = PBXFileReference; lastKnownFileType = sourcecode.swift; path = FAQScreenView.swift; sourceTree = "<group>"; };
		6D4CFE202C7632FC0096D675 /* FAQ.swift */ = {isa = PBXFileReference; lastKnownFileType = sourcecode.swift; path = FAQ.swift; sourceTree = "<group>"; };
		6D4CFE222C76335D0096D675 /* FAQList.swift */ = {isa = PBXFileReference; lastKnownFileType = sourcecode.swift; path = FAQList.swift; sourceTree = "<group>"; };
		6D4CFE242C776D2D0096D675 /* ChangePassView.swift */ = {isa = PBXFileReference; lastKnownFileType = sourcecode.swift; path = ChangePassView.swift; sourceTree = "<group>"; };
		6D4CFE272C7779D40096D675 /* UserManager.swift */ = {isa = PBXFileReference; lastKnownFileType = sourcecode.swift; path = UserManager.swift; sourceTree = "<group>"; };
		6D4CFE2B2C7781BA0096D675 /* DBUser.swift */ = {isa = PBXFileReference; lastKnownFileType = sourcecode.swift; path = DBUser.swift; sourceTree = "<group>"; };
		6D4CFE2F2C779A300096D675 /* EditProfileScreenView.swift */ = {isa = PBXFileReference; lastKnownFileType = sourcecode.swift; path = EditProfileScreenView.swift; sourceTree = "<group>"; };
		6D62EA952C6B5A4500DDC95B /* TaskModel.swift */ = {isa = PBXFileReference; lastKnownFileType = sourcecode.swift; path = TaskModel.swift; sourceTree = "<group>"; };
		6D62EA982C6B5AB200DDC95B /* TaskView.swift */ = {isa = PBXFileReference; lastKnownFileType = sourcecode.swift; path = TaskView.swift; sourceTree = "<group>"; };
		6D62EA9A2C6B5AF500DDC95B /* TaskViewModel.swift */ = {isa = PBXFileReference; lastKnownFileType = sourcecode.swift; path = TaskViewModel.swift; sourceTree = "<group>"; };
		6D62EA9E2C6B5EE400DDC95B /* TextFieldView.swift */ = {isa = PBXFileReference; lastKnownFileType = sourcecode.swift; path = TextFieldView.swift; sourceTree = "<group>"; };
		6D62EAA22C6B612F00DDC95B /* ProfileScreenView.swift */ = {isa = PBXFileReference; lastKnownFileType = sourcecode.swift; path = ProfileScreenView.swift; sourceTree = "<group>"; };
		6D62EAA42C6B624300DDC95B /* EditProfileView.swift */ = {isa = PBXFileReference; lastKnownFileType = sourcecode.swift; path = EditProfileView.swift; sourceTree = "<group>"; };
		6D62EAA62C6B6A3600DDC95B /* ProfileScreenViewModel.swift */ = {isa = PBXFileReference; lastKnownFileType = sourcecode.swift; path = ProfileScreenViewModel.swift; sourceTree = "<group>"; };
		6D98A0412C6A2C8F000E3269 /* CreateTaskView.swift */ = {isa = PBXFileReference; lastKnownFileType = sourcecode.swift; path = CreateTaskView.swift; sourceTree = "<group>"; };
		6D98A0432C6A3CBA000E3269 /* TaskListView.swift */ = {isa = PBXFileReference; lastKnownFileType = sourcecode.swift; path = TaskListView.swift; sourceTree = "<group>"; };
		6DA1C96E2C7CADDA00252E1D /* NumberPickerInput.swift */ = {isa = PBXFileReference; lastKnownFileType = sourcecode.swift; path = NumberPickerInput.swift; sourceTree = "<group>"; };
		6DB94C372C6E32CD004F4C6E /* Recurrence.swift */ = {isa = PBXFileReference; lastKnownFileType = sourcecode.swift; path = Recurrence.swift; sourceTree = "<group>"; };
		6DB94C3A2C6E32FC004F4C6E /* ReminderViewModel.swift */ = {isa = PBXFileReference; lastKnownFileType = sourcecode.swift; path = ReminderViewModel.swift; sourceTree = "<group>"; };
		6DB94C3C2C6E331D004F4C6E /* ReminderModel.swift */ = {isa = PBXFileReference; lastKnownFileType = sourcecode.swift; path = ReminderModel.swift; sourceTree = "<group>"; };
		6DB94C3E2C6E333E004F4C6E /* ReminderView.swift */ = {isa = PBXFileReference; lastKnownFileType = sourcecode.swift; path = ReminderView.swift; sourceTree = "<group>"; };
		6DB94C402C6E336D004F4C6E /* ReminderScreenView.swift */ = {isa = PBXFileReference; lastKnownFileType = sourcecode.swift; path = ReminderScreenView.swift; sourceTree = "<group>"; };
		6DB94C422C6E3382004F4C6E /* CreateReminderScreenView.swift */ = {isa = PBXFileReference; lastKnownFileType = sourcecode.swift; path = CreateReminderScreenView.swift; sourceTree = "<group>"; };
		6DC3394D2C6F5530004E991A /* NotificationManager.swift */ = {isa = PBXFileReference; lastKnownFileType = sourcecode.swift; path = NotificationManager.swift; sourceTree = "<group>"; };
		6DC339552C7341BA004E991A /* FlightsAppSplashScreen.storyboard */ = {isa = PBXFileReference; lastKnownFileType = file.storyboard; path = FlightsAppSplashScreen.storyboard; sourceTree = "<group>"; };
		6DC339572C73495A004E991A /* LoginScreenView.swift */ = {isa = PBXFileReference; lastKnownFileType = sourcecode.swift; path = LoginScreenView.swift; sourceTree = "<group>"; };
		6DC3395B2C7350A1004E991A /* TextFieldInput.swift */ = {isa = PBXFileReference; lastKnownFileType = sourcecode.swift; path = TextFieldInput.swift; sourceTree = "<group>"; };
		6DC3395D2C735487004E991A /* CheckboxView.swift */ = {isa = PBXFileReference; lastKnownFileType = sourcecode.swift; path = CheckboxView.swift; sourceTree = "<group>"; };
		6DC3395F2C735517004E991A /* ButtonView.swift */ = {isa = PBXFileReference; lastKnownFileType = sourcecode.swift; path = ButtonView.swift; sourceTree = "<group>"; };
		6DC339612C73570F004E991A /* ButtonStyle.swift */ = {isa = PBXFileReference; lastKnownFileType = sourcecode.swift; path = ButtonStyle.swift; sourceTree = "<group>"; };
		6DC339632C736E5A004E991A /* RegistrationScreenView.swift */ = {isa = PBXFileReference; lastKnownFileType = sourcecode.swift; path = RegistrationScreenView.swift; sourceTree = "<group>"; };
		6DC339652C73709D004E991A /* Break.swift */ = {isa = PBXFileReference; lastKnownFileType = sourcecode.swift; path = Break.swift; sourceTree = "<group>"; };
		6DC339672C73751E004E991A /* UserModel.swift */ = {isa = PBXFileReference; lastKnownFileType = sourcecode.swift; path = UserModel.swift; sourceTree = "<group>"; };
		6DC339692C737580004E991A /* UserViewModel.swift */ = {isa = PBXFileReference; lastKnownFileType = sourcecode.swift; path = UserViewModel.swift; sourceTree = "<group>"; };
		6DC3396D2C738245004E991A /* PasswordTextField.swift */ = {isa = PBXFileReference; lastKnownFileType = sourcecode.swift; path = PasswordTextField.swift; sourceTree = "<group>"; };
		BFF14E182C6A002C007B9632 /* InternshipApp.app */ = {isa = PBXFileReference; explicitFileType = wrapper.application; includeInIndex = 0; path = InternshipApp.app; sourceTree = BUILT_PRODUCTS_DIR; };
		BFF14E1B2C6A002C007B9632 /* InternshipAppApp.swift */ = {isa = PBXFileReference; lastKnownFileType = sourcecode.swift; path = InternshipAppApp.swift; sourceTree = "<group>"; };
		BFF14E1F2C6A002E007B9632 /* Assets.xcassets */ = {isa = PBXFileReference; lastKnownFileType = folder.assetcatalog; path = Assets.xcassets; sourceTree = "<group>"; };
		BFF14E222C6A002E007B9632 /* Preview Assets.xcassets */ = {isa = PBXFileReference; lastKnownFileType = folder.assetcatalog; path = "Preview Assets.xcassets"; sourceTree = "<group>"; };
		BFF14E282C6A002F007B9632 /* InternshipAppTests.xctest */ = {isa = PBXFileReference; explicitFileType = wrapper.cfbundle; includeInIndex = 0; path = InternshipAppTests.xctest; sourceTree = BUILT_PRODUCTS_DIR; };
		BFF14E2C2C6A002F007B9632 /* InternshipAppTests.swift */ = {isa = PBXFileReference; lastKnownFileType = sourcecode.swift; path = InternshipAppTests.swift; sourceTree = "<group>"; };
		BFF14E322C6A002F007B9632 /* InternshipAppUITests.xctest */ = {isa = PBXFileReference; explicitFileType = wrapper.cfbundle; includeInIndex = 0; path = InternshipAppUITests.xctest; sourceTree = BUILT_PRODUCTS_DIR; };
		BFF14E362C6A002F007B9632 /* InternshipAppUITests.swift */ = {isa = PBXFileReference; lastKnownFileType = sourcecode.swift; path = InternshipAppUITests.swift; sourceTree = "<group>"; };
		BFF14E382C6A002F007B9632 /* InternshipAppUITestsLaunchTests.swift */ = {isa = PBXFileReference; lastKnownFileType = sourcecode.swift; path = InternshipAppUITestsLaunchTests.swift; sourceTree = "<group>"; };
/* End PBXFileReference section */

/* Begin PBXFrameworksBuildPhase section */
		BFF14E152C6A002C007B9632 /* Frameworks */ = {
			isa = PBXFrameworksBuildPhase;
			buildActionMask = 2147483647;
			files = (
				6D4CFDF62C749ED50096D675 /* FirebaseAnalytics in Frameworks */,
				6D4CFDF92C74A90D0096D675 /* FirebaseAuth in Frameworks */,
				6D4CFE052C74C76A0096D675 /* GoogleSignIn in Frameworks */,
				6D4CFE2A2C777CFF0096D675 /* FirebaseFirestore in Frameworks */,
				6D4CFE072C74C76A0096D675 /* GoogleSignInSwift in Frameworks */,
				6DA1C96D2C78C03400252E1D /* FirebaseStorage in Frameworks */,
			);
			runOnlyForDeploymentPostprocessing = 0;
		};
		BFF14E252C6A002F007B9632 /* Frameworks */ = {
			isa = PBXFrameworksBuildPhase;
			buildActionMask = 2147483647;
			files = (
			);
			runOnlyForDeploymentPostprocessing = 0;
		};
		BFF14E2F2C6A002F007B9632 /* Frameworks */ = {
			isa = PBXFrameworksBuildPhase;
			buildActionMask = 2147483647;
			files = (
			);
			runOnlyForDeploymentPostprocessing = 0;
		};
/* End PBXFrameworksBuildPhase section */

/* Begin PBXGroup section */
		6D4CFDF72C74A90D0096D675 /* Frameworks */ = {
			isa = PBXGroup;
			children = (
			);
			name = Frameworks;
			sourceTree = "<group>";
		};
		6D4CFE0B2C74CA570096D675 /* Utilities */ = {
			isa = PBXGroup;
			children = (
				6D4CFE0C2C74CA620096D675 /* Utilities.swift */,
				6D4CFE222C76335D0096D675 /* FAQList.swift */,
			);
			path = Utilities;
			sourceTree = "<group>";
		};
		6D4CFE262C77799E0096D675 /* Managers */ = {
			isa = PBXGroup;
			children = (
				6D4CFDFB2C74A9C10096D675 /* AuthenticationManager.swift */,
				6D4CFE272C7779D40096D675 /* UserManager.swift */,
			);
			path = Managers;
			sourceTree = "<group>";
		};
		6D62EA8F2C6B59D800DDC95B /* Model */ = {
			isa = PBXGroup;
			children = (
				6D62EA952C6B5A4500DDC95B /* TaskModel.swift */,
				6DB94C3C2C6E331D004F4C6E /* ReminderModel.swift */,
			);
			path = Model;
			sourceTree = "<group>";
		};
		6D62EA912C6B59EA00DDC95B /* View */ = {
			isa = PBXGroup;
			children = (
				6D62EA982C6B5AB200DDC95B /* TaskView.swift */,
				6D62EA9E2C6B5EE400DDC95B /* TextFieldView.swift */,
				6DB94C3E2C6E333E004F4C6E /* ReminderView.swift */,
			);
			path = View;
			sourceTree = "<group>";
		};
		6D62EA972C6B5A9100DDC95B /* Screens */ = {
			isa = PBXGroup;
			children = (
				6D98A0432C6A3CBA000E3269 /* TaskListView.swift */,
				6D98A0412C6A2C8F000E3269 /* CreateTaskView.swift */,
				6D62EAA22C6B612F00DDC95B /* ProfileScreenView.swift */,
				6D62EAA42C6B624300DDC95B /* EditProfileView.swift */,
				6DB94C402C6E336D004F4C6E /* ReminderScreenView.swift */,
				6DB94C422C6E3382004F4C6E /* CreateReminderScreenView.swift */,
			);
			path = Screens;
			sourceTree = "<group>";
		};
		6DB94C362C6E32B6004F4C6E /* Enums */ = {
			isa = PBXGroup;
			children = (
				6DB94C372C6E32CD004F4C6E /* Recurrence.swift */,
			);
			path = Enums;
			sourceTree = "<group>";
		};
		6DB94C392C6E32E0004F4C6E /* ViewModel */ = {
			isa = PBXGroup;
			children = (
				6D62EAA62C6B6A3600DDC95B /* ProfileScreenViewModel.swift */,
				6D62EA9A2C6B5AF500DDC95B /* TaskViewModel.swift */,
				6DB94C3A2C6E32FC004F4C6E /* ReminderViewModel.swift */,
			);
			path = ViewModel;
			sourceTree = "<group>";
		};
		6DC3394C2C6F5520004E991A /* NotificationManager */ = {
			isa = PBXGroup;
			children = (
				6DC3394D2C6F5530004E991A /* NotificationManager.swift */,
			);
			path = NotificationManager;
			sourceTree = "<group>";
		};
		6DC3394F2C733D2C004E991A /* TodoApp */ = {
			isa = PBXGroup;
			children = (
				6DC3394C2C6F5520004E991A /* NotificationManager */,
				6DB94C392C6E32E0004F4C6E /* ViewModel */,
				6DB94C362C6E32B6004F4C6E /* Enums */,
				6D62EA972C6B5A9100DDC95B /* Screens */,
				6D62EA912C6B59EA00DDC95B /* View */,
				6D62EA8F2C6B59D800DDC95B /* Model */,
			);
			path = TodoApp;
			sourceTree = "<group>";
		};
		6DC339502C733D56004E991A /* FlightsApp */ = {
			isa = PBXGroup;
			children = (
				6D4CFE012C74C7130096D675 /* GoogleService-Info.plist */,
				6D4CFE0B2C74CA570096D675 /* Utilities */,
				6D4CFE262C77799E0096D675 /* Managers */,
				6DC339542C733F9B004E991A /* ViewModel */,
				6DC339532C733F92004E991A /* View */,
				6DC339512C733F87004E991A /* Model */,
				6DC339552C7341BA004E991A /* FlightsAppSplashScreen.storyboard */,
			);
			path = FlightsApp;
			sourceTree = "<group>";
		};
		6DC339512C733F87004E991A /* Model */ = {
			isa = PBXGroup;
			children = (
				6DC339612C73570F004E991A /* ButtonStyle.swift */,
				6DC339672C73751E004E991A /* UserModel.swift */,
				6D4CFDFD2C74AB8C0096D675 /* AuthDataResultModel.swift */,
				6D4CFE0E2C74CD870096D675 /* GoogleSignInResultModel.swift */,
				6D4CFE202C7632FC0096D675 /* FAQ.swift */,
				6D4CFE2B2C7781BA0096D675 /* DBUser.swift */,
			);
			path = Model;
			sourceTree = "<group>";
		};
		6DC339532C733F92004E991A /* View */ = {
			isa = PBXGroup;
			children = (
				6DC3395A2C735082004E991A /* Components */,
				6DC339592C735075004E991A /* Screens */,
			);
			path = View;
			sourceTree = "<group>";
		};
		6DC339542C733F9B004E991A /* ViewModel */ = {
			isa = PBXGroup;
			children = (
				6DC339692C737580004E991A /* UserViewModel.swift */,
			);
			path = ViewModel;
			sourceTree = "<group>";
		};
		6DC339592C735075004E991A /* Screens */ = {
			isa = PBXGroup;
			children = (
				6DC339572C73495A004E991A /* LoginScreenView.swift */,
				6DC339632C736E5A004E991A /* RegistrationScreenView.swift */,
				6D4CFE102C75E7150096D675 /* MyProfileScreenView.swift */,
				6D4CFE1E2C761D920096D675 /* FAQScreenView.swift */,
				6D4CFE242C776D2D0096D675 /* ChangePassView.swift */,
				6D4CFE2F2C779A300096D675 /* EditProfileScreenView.swift */,
			);
			path = Screens;
			sourceTree = "<group>";
		};
		6DC3395A2C735082004E991A /* Components */ = {
			isa = PBXGroup;
			children = (
				6DC3395B2C7350A1004E991A /* TextFieldInput.swift */,
				6DC3395D2C735487004E991A /* CheckboxView.swift */,
				6DC3395F2C735517004E991A /* ButtonView.swift */,
				6DC339652C73709D004E991A /* Break.swift */,
				6DC3396D2C738245004E991A /* PasswordTextField.swift */,
				6D4CFE122C75E90E0096D675 /* BottomBarNavigation.swift */,
				6D4CFE142C75F5CE0096D675 /* ProfileCard.swift */,
				6D4CFE162C75F62A0096D675 /* CardRow.swift */,
				6DA1C96E2C7CADDA00252E1D /* NumberPickerInput.swift */,
			);
			path = Components;
			sourceTree = "<group>";
		};
		BFF14E0F2C6A002C007B9632 = {
			isa = PBXGroup;
			children = (
				BFF14E1A2C6A002C007B9632 /* InternshipApp */,
				BFF14E2B2C6A002F007B9632 /* InternshipAppTests */,
				BFF14E352C6A002F007B9632 /* InternshipAppUITests */,
				BFF14E192C6A002C007B9632 /* Products */,
				6D4CFDF72C74A90D0096D675 /* Frameworks */,
			);
			sourceTree = "<group>";
		};
		BFF14E192C6A002C007B9632 /* Products */ = {
			isa = PBXGroup;
			children = (
				BFF14E182C6A002C007B9632 /* InternshipApp.app */,
				BFF14E282C6A002F007B9632 /* InternshipAppTests.xctest */,
				BFF14E322C6A002F007B9632 /* InternshipAppUITests.xctest */,
			);
			name = Products;
			sourceTree = "<group>";
		};
		BFF14E1A2C6A002C007B9632 /* InternshipApp */ = {
			isa = PBXGroup;
			children = (
				6D4CFE082C74C7FB0096D675 /* Info.plist */,
				6DC339502C733D56004E991A /* FlightsApp */,
				6DC3394F2C733D2C004E991A /* TodoApp */,
				BFF14E1B2C6A002C007B9632 /* InternshipAppApp.swift */,
				BFF14E1F2C6A002E007B9632 /* Assets.xcassets */,
				BFF14E212C6A002E007B9632 /* Preview Content */,
			);
			path = InternshipApp;
			sourceTree = "<group>";
		};
		BFF14E212C6A002E007B9632 /* Preview Content */ = {
			isa = PBXGroup;
			children = (
				BFF14E222C6A002E007B9632 /* Preview Assets.xcassets */,
			);
			path = "Preview Content";
			sourceTree = "<group>";
		};
		BFF14E2B2C6A002F007B9632 /* InternshipAppTests */ = {
			isa = PBXGroup;
			children = (
				BFF14E2C2C6A002F007B9632 /* InternshipAppTests.swift */,
			);
			path = InternshipAppTests;
			sourceTree = "<group>";
		};
		BFF14E352C6A002F007B9632 /* InternshipAppUITests */ = {
			isa = PBXGroup;
			children = (
				BFF14E362C6A002F007B9632 /* InternshipAppUITests.swift */,
				BFF14E382C6A002F007B9632 /* InternshipAppUITestsLaunchTests.swift */,
			);
			path = InternshipAppUITests;
			sourceTree = "<group>";
		};
/* End PBXGroup section */

/* Begin PBXNativeTarget section */
		BFF14E172C6A002C007B9632 /* InternshipApp */ = {
			isa = PBXNativeTarget;
			buildConfigurationList = BFF14E3C2C6A002F007B9632 /* Build configuration list for PBXNativeTarget "InternshipApp" */;
			buildPhases = (
				BFF14E142C6A002C007B9632 /* Sources */,
				BFF14E152C6A002C007B9632 /* Frameworks */,
				BFF14E162C6A002C007B9632 /* Resources */,
			);
			buildRules = (
			);
			dependencies = (
			);
			name = InternshipApp;
			packageProductDependencies = (
				6D4CFDF52C749ED50096D675 /* FirebaseAnalytics */,
				6D4CFDF82C74A90D0096D675 /* FirebaseAuth */,
				6D4CFE042C74C76A0096D675 /* GoogleSignIn */,
				6D4CFE062C74C76A0096D675 /* GoogleSignInSwift */,
				6D4CFE292C777CFF0096D675 /* FirebaseFirestore */,
				6DA1C96C2C78C03400252E1D /* FirebaseStorage */,
			);
			productName = InternshipApp;
			productReference = BFF14E182C6A002C007B9632 /* InternshipApp.app */;
			productType = "com.apple.product-type.application";
		};
		BFF14E272C6A002F007B9632 /* InternshipAppTests */ = {
			isa = PBXNativeTarget;
			buildConfigurationList = BFF14E3F2C6A002F007B9632 /* Build configuration list for PBXNativeTarget "InternshipAppTests" */;
			buildPhases = (
				BFF14E242C6A002F007B9632 /* Sources */,
				BFF14E252C6A002F007B9632 /* Frameworks */,
				BFF14E262C6A002F007B9632 /* Resources */,
			);
			buildRules = (
			);
			dependencies = (
				BFF14E2A2C6A002F007B9632 /* PBXTargetDependency */,
			);
			name = InternshipAppTests;
			productName = InternshipAppTests;
			productReference = BFF14E282C6A002F007B9632 /* InternshipAppTests.xctest */;
			productType = "com.apple.product-type.bundle.unit-test";
		};
		BFF14E312C6A002F007B9632 /* InternshipAppUITests */ = {
			isa = PBXNativeTarget;
			buildConfigurationList = BFF14E422C6A002F007B9632 /* Build configuration list for PBXNativeTarget "InternshipAppUITests" */;
			buildPhases = (
				BFF14E2E2C6A002F007B9632 /* Sources */,
				BFF14E2F2C6A002F007B9632 /* Frameworks */,
				BFF14E302C6A002F007B9632 /* Resources */,
			);
			buildRules = (
			);
			dependencies = (
				BFF14E342C6A002F007B9632 /* PBXTargetDependency */,
			);
			name = InternshipAppUITests;
			productName = InternshipAppUITests;
			productReference = BFF14E322C6A002F007B9632 /* InternshipAppUITests.xctest */;
			productType = "com.apple.product-type.bundle.ui-testing";
		};
/* End PBXNativeTarget section */

/* Begin PBXProject section */
		BFF14E102C6A002C007B9632 /* Project object */ = {
			isa = PBXProject;
			attributes = {
				BuildIndependentTargetsInParallel = 1;
				LastSwiftUpdateCheck = 1530;
				LastUpgradeCheck = 1530;
				TargetAttributes = {
					BFF14E172C6A002C007B9632 = {
						CreatedOnToolsVersion = 15.3;
					};
					BFF14E272C6A002F007B9632 = {
						CreatedOnToolsVersion = 15.3;
						TestTargetID = BFF14E172C6A002C007B9632;
					};
					BFF14E312C6A002F007B9632 = {
						CreatedOnToolsVersion = 15.3;
						TestTargetID = BFF14E172C6A002C007B9632;
					};
				};
			};
			buildConfigurationList = BFF14E132C6A002C007B9632 /* Build configuration list for PBXProject "InternshipApp" */;
			compatibilityVersion = "Xcode 14.0";
			developmentRegion = en;
			hasScannedForEncodings = 0;
			knownRegions = (
				en,
				Base,
			);
			mainGroup = BFF14E0F2C6A002C007B9632;
			packageReferences = (
				6D4CFDF42C749ED50096D675 /* XCRemoteSwiftPackageReference "firebase-ios-sdk" */,
				6D4CFE032C74C76A0096D675 /* XCRemoteSwiftPackageReference "GoogleSignIn-iOS" */,
			);
			productRefGroup = BFF14E192C6A002C007B9632 /* Products */;
			projectDirPath = "";
			projectRoot = "";
			targets = (
				BFF14E172C6A002C007B9632 /* InternshipApp */,
				BFF14E272C6A002F007B9632 /* InternshipAppTests */,
				BFF14E312C6A002F007B9632 /* InternshipAppUITests */,
			);
		};
/* End PBXProject section */

/* Begin PBXResourcesBuildPhase section */
		BFF14E162C6A002C007B9632 /* Resources */ = {
			isa = PBXResourcesBuildPhase;
			buildActionMask = 2147483647;
			files = (
				BFF14E232C6A002E007B9632 /* Preview Assets.xcassets in Resources */,
				6D4CFE022C74C7130096D675 /* GoogleService-Info.plist in Resources */,
				6DC339562C7341BA004E991A /* FlightsAppSplashScreen.storyboard in Resources */,
				BFF14E202C6A002E007B9632 /* Assets.xcassets in Resources */,
			);
			runOnlyForDeploymentPostprocessing = 0;
		};
		BFF14E262C6A002F007B9632 /* Resources */ = {
			isa = PBXResourcesBuildPhase;
			buildActionMask = 2147483647;
			files = (
			);
			runOnlyForDeploymentPostprocessing = 0;
		};
		BFF14E302C6A002F007B9632 /* Resources */ = {
			isa = PBXResourcesBuildPhase;
			buildActionMask = 2147483647;
			files = (
			);
			runOnlyForDeploymentPostprocessing = 0;
		};
/* End PBXResourcesBuildPhase section */

/* Begin PBXSourcesBuildPhase section */
		BFF14E142C6A002C007B9632 /* Sources */ = {
			isa = PBXSourcesBuildPhase;
			buildActionMask = 2147483647;
			files = (
				6D4CFDFE2C74AB8C0096D675 /* AuthDataResultModel.swift in Sources */,
				6DB94C3B2C6E32FC004F4C6E /* ReminderViewModel.swift in Sources */,
				6D4CFE152C75F5CE0096D675 /* ProfileCard.swift in Sources */,
				6DC3394E2C6F5530004E991A /* NotificationManager.swift in Sources */,
				6D62EAA52C6B624300DDC95B /* EditProfileView.swift in Sources */,
				6DC339682C73751E004E991A /* UserModel.swift in Sources */,
				6DC3395E2C735487004E991A /* CheckboxView.swift in Sources */,
				6D4CFE0D2C74CA620096D675 /* Utilities.swift in Sources */,
				6D4CFE0F2C74CD870096D675 /* GoogleSignInResultModel.swift in Sources */,
				6DB94C412C6E336D004F4C6E /* ReminderScreenView.swift in Sources */,
				6D4CFE1F2C761D920096D675 /* FAQScreenView.swift in Sources */,
				6D98A0422C6A2C8F000E3269 /* CreateTaskView.swift in Sources */,
				6D62EAA72C6B6A3600DDC95B /* ProfileScreenViewModel.swift in Sources */,
				6D62EA9F2C6B5EE400DDC95B /* TextFieldView.swift in Sources */,
				6D4CFE132C75E90E0096D675 /* BottomBarNavigation.swift in Sources */,
				6D4CFDFC2C74A9C10096D675 /* AuthenticationManager.swift in Sources */,
				6DC3396A2C737580004E991A /* UserViewModel.swift in Sources */,
				6DB94C382C6E32CD004F4C6E /* Recurrence.swift in Sources */,
				6DC3396E2C738245004E991A /* PasswordTextField.swift in Sources */,
				6DC339622C73570F004E991A /* ButtonStyle.swift in Sources */,
				6DB94C3D2C6E331D004F4C6E /* ReminderModel.swift in Sources */,
				6D62EA9B2C6B5AF500DDC95B /* TaskViewModel.swift in Sources */,
				6D4CFE252C776D2D0096D675 /* ChangePassView.swift in Sources */,
				BFF14E1C2C6A002C007B9632 /* InternshipAppApp.swift in Sources */,
				6D98A0442C6A3CBA000E3269 /* TaskListView.swift in Sources */,
				6DB94C3F2C6E333E004F4C6E /* ReminderView.swift in Sources */,
				6D4CFE2C2C7781BA0096D675 /* DBUser.swift in Sources */,
				6D62EA992C6B5AB200DDC95B /* TaskView.swift in Sources */,
				6DC3395C2C7350A1004E991A /* TextFieldInput.swift in Sources */,
				6D62EAA32C6B612F00DDC95B /* ProfileScreenView.swift in Sources */,
				6D4CFE212C7632FD0096D675 /* FAQ.swift in Sources */,
				6D4CFE302C779A300096D675 /* EditProfileScreenView.swift in Sources */,
				6DB94C432C6E3382004F4C6E /* CreateReminderScreenView.swift in Sources */,
				6DC339662C73709D004E991A /* Break.swift in Sources */,
				6DA1C96F2C7CADDA00252E1D /* NumberPickerInput.swift in Sources */,
				6DC339582C73495A004E991A /* LoginScreenView.swift in Sources */,
				6D62EA962C6B5A4500DDC95B /* TaskModel.swift in Sources */,
				6DC339642C736E5A004E991A /* RegistrationScreenView.swift in Sources */,
				6D4CFE232C76335D0096D675 /* FAQList.swift in Sources */,
				6D4CFE112C75E7150096D675 /* MyProfileScreenView.swift in Sources */,
				6D4CFE172C75F62A0096D675 /* CardRow.swift in Sources */,
				6D4CFE282C7779D40096D675 /* UserManager.swift in Sources */,
				6DC339602C735517004E991A /* ButtonView.swift in Sources */,
			);
			runOnlyForDeploymentPostprocessing = 0;
		};
		BFF14E242C6A002F007B9632 /* Sources */ = {
			isa = PBXSourcesBuildPhase;
			buildActionMask = 2147483647;
			files = (
				BFF14E2D2C6A002F007B9632 /* InternshipAppTests.swift in Sources */,
			);
			runOnlyForDeploymentPostprocessing = 0;
		};
		BFF14E2E2C6A002F007B9632 /* Sources */ = {
			isa = PBXSourcesBuildPhase;
			buildActionMask = 2147483647;
			files = (
				BFF14E392C6A002F007B9632 /* InternshipAppUITestsLaunchTests.swift in Sources */,
				BFF14E372C6A002F007B9632 /* InternshipAppUITests.swift in Sources */,
			);
			runOnlyForDeploymentPostprocessing = 0;
		};
/* End PBXSourcesBuildPhase section */

/* Begin PBXTargetDependency section */
		BFF14E2A2C6A002F007B9632 /* PBXTargetDependency */ = {
			isa = PBXTargetDependency;
			target = BFF14E172C6A002C007B9632 /* InternshipApp */;
			targetProxy = BFF14E292C6A002F007B9632 /* PBXContainerItemProxy */;
		};
		BFF14E342C6A002F007B9632 /* PBXTargetDependency */ = {
			isa = PBXTargetDependency;
			target = BFF14E172C6A002C007B9632 /* InternshipApp */;
			targetProxy = BFF14E332C6A002F007B9632 /* PBXContainerItemProxy */;
		};
/* End PBXTargetDependency section */

/* Begin XCBuildConfiguration section */
		BFF14E3A2C6A002F007B9632 /* Debug */ = {
			isa = XCBuildConfiguration;
			buildSettings = {
				ALWAYS_SEARCH_USER_PATHS = NO;
				ASSETCATALOG_COMPILER_GENERATE_SWIFT_ASSET_SYMBOL_EXTENSIONS = YES;
				CLANG_ANALYZER_NONNULL = YES;
				CLANG_ANALYZER_NUMBER_OBJECT_CONVERSION = YES_AGGRESSIVE;
				CLANG_CXX_LANGUAGE_STANDARD = "gnu++20";
				CLANG_ENABLE_MODULES = YES;
				CLANG_ENABLE_OBJC_ARC = YES;
				CLANG_ENABLE_OBJC_WEAK = YES;
				CLANG_WARN_BLOCK_CAPTURE_AUTORELEASING = YES;
				CLANG_WARN_BOOL_CONVERSION = YES;
				CLANG_WARN_COMMA = YES;
				CLANG_WARN_CONSTANT_CONVERSION = YES;
				CLANG_WARN_DEPRECATED_OBJC_IMPLEMENTATIONS = YES;
				CLANG_WARN_DIRECT_OBJC_ISA_USAGE = YES_ERROR;
				CLANG_WARN_DOCUMENTATION_COMMENTS = YES;
				CLANG_WARN_EMPTY_BODY = YES;
				CLANG_WARN_ENUM_CONVERSION = YES;
				CLANG_WARN_INFINITE_RECURSION = YES;
				CLANG_WARN_INT_CONVERSION = YES;
				CLANG_WARN_NON_LITERAL_NULL_CONVERSION = YES;
				CLANG_WARN_OBJC_IMPLICIT_RETAIN_SELF = YES;
				CLANG_WARN_OBJC_LITERAL_CONVERSION = YES;
				CLANG_WARN_OBJC_ROOT_CLASS = YES_ERROR;
				CLANG_WARN_QUOTED_INCLUDE_IN_FRAMEWORK_HEADER = YES;
				CLANG_WARN_RANGE_LOOP_ANALYSIS = YES;
				CLANG_WARN_STRICT_PROTOTYPES = YES;
				CLANG_WARN_SUSPICIOUS_MOVE = YES;
				CLANG_WARN_UNGUARDED_AVAILABILITY = YES_AGGRESSIVE;
				CLANG_WARN_UNREACHABLE_CODE = YES;
				CLANG_WARN__DUPLICATE_METHOD_MATCH = YES;
				COPY_PHASE_STRIP = NO;
				DEBUG_INFORMATION_FORMAT = dwarf;
				ENABLE_STRICT_OBJC_MSGSEND = YES;
				ENABLE_TESTABILITY = YES;
				ENABLE_USER_SCRIPT_SANDBOXING = YES;
				GCC_C_LANGUAGE_STANDARD = gnu17;
				GCC_DYNAMIC_NO_PIC = NO;
				GCC_NO_COMMON_BLOCKS = YES;
				GCC_OPTIMIZATION_LEVEL = 0;
				GCC_PREPROCESSOR_DEFINITIONS = (
					"DEBUG=1",
					"$(inherited)",
				);
				GCC_WARN_64_TO_32_BIT_CONVERSION = YES;
				GCC_WARN_ABOUT_RETURN_TYPE = YES_ERROR;
				GCC_WARN_UNDECLARED_SELECTOR = YES;
				GCC_WARN_UNINITIALIZED_AUTOS = YES_AGGRESSIVE;
				GCC_WARN_UNUSED_FUNCTION = YES;
				GCC_WARN_UNUSED_VARIABLE = YES;
				IPHONEOS_DEPLOYMENT_TARGET = 17.4;
				LOCALIZATION_PREFERS_STRING_CATALOGS = YES;
				MTL_ENABLE_DEBUG_INFO = INCLUDE_SOURCE;
				MTL_FAST_MATH = YES;
				ONLY_ACTIVE_ARCH = YES;
				SDKROOT = iphoneos;
				SWIFT_ACTIVE_COMPILATION_CONDITIONS = "DEBUG $(inherited)";
				SWIFT_OPTIMIZATION_LEVEL = "-Onone";
			};
			name = Debug;
		};
		BFF14E3B2C6A002F007B9632 /* Release */ = {
			isa = XCBuildConfiguration;
			buildSettings = {
				ALWAYS_SEARCH_USER_PATHS = NO;
				ASSETCATALOG_COMPILER_GENERATE_SWIFT_ASSET_SYMBOL_EXTENSIONS = YES;
				CLANG_ANALYZER_NONNULL = YES;
				CLANG_ANALYZER_NUMBER_OBJECT_CONVERSION = YES_AGGRESSIVE;
				CLANG_CXX_LANGUAGE_STANDARD = "gnu++20";
				CLANG_ENABLE_MODULES = YES;
				CLANG_ENABLE_OBJC_ARC = YES;
				CLANG_ENABLE_OBJC_WEAK = YES;
				CLANG_WARN_BLOCK_CAPTURE_AUTORELEASING = YES;
				CLANG_WARN_BOOL_CONVERSION = YES;
				CLANG_WARN_COMMA = YES;
				CLANG_WARN_CONSTANT_CONVERSION = YES;
				CLANG_WARN_DEPRECATED_OBJC_IMPLEMENTATIONS = YES;
				CLANG_WARN_DIRECT_OBJC_ISA_USAGE = YES_ERROR;
				CLANG_WARN_DOCUMENTATION_COMMENTS = YES;
				CLANG_WARN_EMPTY_BODY = YES;
				CLANG_WARN_ENUM_CONVERSION = YES;
				CLANG_WARN_INFINITE_RECURSION = YES;
				CLANG_WARN_INT_CONVERSION = YES;
				CLANG_WARN_NON_LITERAL_NULL_CONVERSION = YES;
				CLANG_WARN_OBJC_IMPLICIT_RETAIN_SELF = YES;
				CLANG_WARN_OBJC_LITERAL_CONVERSION = YES;
				CLANG_WARN_OBJC_ROOT_CLASS = YES_ERROR;
				CLANG_WARN_QUOTED_INCLUDE_IN_FRAMEWORK_HEADER = YES;
				CLANG_WARN_RANGE_LOOP_ANALYSIS = YES;
				CLANG_WARN_STRICT_PROTOTYPES = YES;
				CLANG_WARN_SUSPICIOUS_MOVE = YES;
				CLANG_WARN_UNGUARDED_AVAILABILITY = YES_AGGRESSIVE;
				CLANG_WARN_UNREACHABLE_CODE = YES;
				CLANG_WARN__DUPLICATE_METHOD_MATCH = YES;
				COPY_PHASE_STRIP = NO;
				DEBUG_INFORMATION_FORMAT = "dwarf-with-dsym";
				ENABLE_NS_ASSERTIONS = NO;
				ENABLE_STRICT_OBJC_MSGSEND = YES;
				ENABLE_USER_SCRIPT_SANDBOXING = YES;
				GCC_C_LANGUAGE_STANDARD = gnu17;
				GCC_NO_COMMON_BLOCKS = YES;
				GCC_WARN_64_TO_32_BIT_CONVERSION = YES;
				GCC_WARN_ABOUT_RETURN_TYPE = YES_ERROR;
				GCC_WARN_UNDECLARED_SELECTOR = YES;
				GCC_WARN_UNINITIALIZED_AUTOS = YES_AGGRESSIVE;
				GCC_WARN_UNUSED_FUNCTION = YES;
				GCC_WARN_UNUSED_VARIABLE = YES;
				IPHONEOS_DEPLOYMENT_TARGET = 17.4;
				LOCALIZATION_PREFERS_STRING_CATALOGS = YES;
				MTL_ENABLE_DEBUG_INFO = NO;
				MTL_FAST_MATH = YES;
				SDKROOT = iphoneos;
				SWIFT_COMPILATION_MODE = wholemodule;
				VALIDATE_PRODUCT = YES;
			};
			name = Release;
		};
		BFF14E3D2C6A002F007B9632 /* Debug */ = {
			isa = XCBuildConfiguration;
			buildSettings = {
				ASSETCATALOG_COMPILER_APPICON_NAME = AppIcon;
				ASSETCATALOG_COMPILER_GLOBAL_ACCENT_COLOR_NAME = AccentColor;
				CODE_SIGN_STYLE = Automatic;
				CURRENT_PROJECT_VERSION = 1;
				DEVELOPMENT_ASSET_PATHS = "\"InternshipApp/Preview Content\"";
				DEVELOPMENT_TEAM = 3KL9338JP6;
				ENABLE_PREVIEWS = YES;
				GENERATE_INFOPLIST_FILE = YES;
				INFOPLIST_FILE = InternshipApp/Info.plist;
				INFOPLIST_KEY_NSFaceIDUsageDescription = "We use Face ID to provide secure and convenient authentication for your account.\nWe use Face ID to provide secure and convenient authentication for your account.\n";
				INFOPLIST_KEY_UIApplicationSceneManifest_Generation = YES;
				INFOPLIST_KEY_UIApplicationSupportsIndirectInputEvents = YES;
				INFOPLIST_KEY_UILaunchScreen_Generation = YES;
				INFOPLIST_KEY_UILaunchStoryboardName = FlightsAppSplashScreen.storyboard;
				INFOPLIST_KEY_UISupportedInterfaceOrientations_iPad = "UIInterfaceOrientationPortrait UIInterfaceOrientationPortraitUpsideDown UIInterfaceOrientationLandscapeLeft UIInterfaceOrientationLandscapeRight";
				INFOPLIST_KEY_UISupportedInterfaceOrientations_iPhone = "UIInterfaceOrientationPortrait UIInterfaceOrientationLandscapeLeft UIInterfaceOrientationLandscapeRight";
				IPHONEOS_DEPLOYMENT_TARGET = 17.2;
				LD_RUNPATH_SEARCH_PATHS = (
					"$(inherited)",
					"@executable_path/Frameworks",
				);
				MARKETING_VERSION = 1.0;
				PRODUCT_BUNDLE_IDENTIFIER = com.denis.InternshipApp;
				PRODUCT_NAME = "$(TARGET_NAME)";
				SWIFT_EMIT_LOC_STRINGS = YES;
				SWIFT_VERSION = 5.0;
				TARGETED_DEVICE_FAMILY = 1;
			};
			name = Debug;
		};
		BFF14E3E2C6A002F007B9632 /* Release */ = {
			isa = XCBuildConfiguration;
			buildSettings = {
				ASSETCATALOG_COMPILER_APPICON_NAME = AppIcon;
				ASSETCATALOG_COMPILER_GLOBAL_ACCENT_COLOR_NAME = AccentColor;
				CODE_SIGN_STYLE = Automatic;
				CURRENT_PROJECT_VERSION = 1;
				DEVELOPMENT_ASSET_PATHS = "\"InternshipApp/Preview Content\"";
				DEVELOPMENT_TEAM = 3KL9338JP6;
				ENABLE_PREVIEWS = YES;
				GENERATE_INFOPLIST_FILE = YES;
				INFOPLIST_FILE = InternshipApp/Info.plist;
				INFOPLIST_KEY_NSFaceIDUsageDescription = "We use Face ID to provide secure and convenient authentication for your account.\nWe use Face ID to provide secure and convenient authentication for your account.\n";
				INFOPLIST_KEY_UIApplicationSceneManifest_Generation = YES;
				INFOPLIST_KEY_UIApplicationSupportsIndirectInputEvents = YES;
				INFOPLIST_KEY_UILaunchScreen_Generation = YES;
				INFOPLIST_KEY_UILaunchStoryboardName = FlightsAppSplashScreen.storyboard;
				INFOPLIST_KEY_UISupportedInterfaceOrientations_iPad = "UIInterfaceOrientationPortrait UIInterfaceOrientationPortraitUpsideDown UIInterfaceOrientationLandscapeLeft UIInterfaceOrientationLandscapeRight";
				INFOPLIST_KEY_UISupportedInterfaceOrientations_iPhone = "UIInterfaceOrientationPortrait UIInterfaceOrientationLandscapeLeft UIInterfaceOrientationLandscapeRight";
				IPHONEOS_DEPLOYMENT_TARGET = 17.2;
				LD_RUNPATH_SEARCH_PATHS = (
					"$(inherited)",
					"@executable_path/Frameworks",
				);
				MARKETING_VERSION = 1.0;
				PRODUCT_BUNDLE_IDENTIFIER = com.denis.InternshipApp;
				PRODUCT_NAME = "$(TARGET_NAME)";
				SWIFT_EMIT_LOC_STRINGS = YES;
				SWIFT_VERSION = 5.0;
				TARGETED_DEVICE_FAMILY = 1;
			};
			name = Release;
		};
		BFF14E402C6A002F007B9632 /* Debug */ = {
			isa = XCBuildConfiguration;
			buildSettings = {
				ALWAYS_EMBED_SWIFT_STANDARD_LIBRARIES = YES;
				BUNDLE_LOADER = "$(TEST_HOST)";
				CODE_SIGN_STYLE = Automatic;
				CURRENT_PROJECT_VERSION = 1;
				DEVELOPMENT_TEAM = R5H9KYR9S8;
				GENERATE_INFOPLIST_FILE = YES;
				IPHONEOS_DEPLOYMENT_TARGET = 17.4;
				MARKETING_VERSION = 1.0;
				PRODUCT_BUNDLE_IDENTIFIER = com.denis.InternshipAppTests;
				PRODUCT_NAME = "$(TARGET_NAME)";
				SWIFT_EMIT_LOC_STRINGS = NO;
				SWIFT_VERSION = 5.0;
				TARGETED_DEVICE_FAMILY = "1,2";
				TEST_HOST = "$(BUILT_PRODUCTS_DIR)/InternshipApp.app/$(BUNDLE_EXECUTABLE_FOLDER_PATH)/InternshipApp";
			};
			name = Debug;
		};
		BFF14E412C6A002F007B9632 /* Release */ = {
			isa = XCBuildConfiguration;
			buildSettings = {
				ALWAYS_EMBED_SWIFT_STANDARD_LIBRARIES = YES;
				BUNDLE_LOADER = "$(TEST_HOST)";
				CODE_SIGN_STYLE = Automatic;
				CURRENT_PROJECT_VERSION = 1;
				DEVELOPMENT_TEAM = R5H9KYR9S8;
				GENERATE_INFOPLIST_FILE = YES;
				IPHONEOS_DEPLOYMENT_TARGET = 17.4;
				MARKETING_VERSION = 1.0;
				PRODUCT_BUNDLE_IDENTIFIER = com.denis.InternshipAppTests;
				PRODUCT_NAME = "$(TARGET_NAME)";
				SWIFT_EMIT_LOC_STRINGS = NO;
				SWIFT_VERSION = 5.0;
				TARGETED_DEVICE_FAMILY = "1,2";
				TEST_HOST = "$(BUILT_PRODUCTS_DIR)/InternshipApp.app/$(BUNDLE_EXECUTABLE_FOLDER_PATH)/InternshipApp";
			};
			name = Release;
		};
		BFF14E432C6A002F007B9632 /* Debug */ = {
			isa = XCBuildConfiguration;
			buildSettings = {
				ALWAYS_EMBED_SWIFT_STANDARD_LIBRARIES = YES;
				CODE_SIGN_STYLE = Automatic;
				CURRENT_PROJECT_VERSION = 1;
				DEVELOPMENT_TEAM = R5H9KYR9S8;
				GENERATE_INFOPLIST_FILE = YES;
				MARKETING_VERSION = 1.0;
				PRODUCT_BUNDLE_IDENTIFIER = com.denis.InternshipAppUITests;
				PRODUCT_NAME = "$(TARGET_NAME)";
				SWIFT_EMIT_LOC_STRINGS = NO;
				SWIFT_VERSION = 5.0;
				TARGETED_DEVICE_FAMILY = "1,2";
				TEST_TARGET_NAME = InternshipApp;
			};
			name = Debug;
		};
		BFF14E442C6A002F007B9632 /* Release */ = {
			isa = XCBuildConfiguration;
			buildSettings = {
				ALWAYS_EMBED_SWIFT_STANDARD_LIBRARIES = YES;
				CODE_SIGN_STYLE = Automatic;
				CURRENT_PROJECT_VERSION = 1;
				DEVELOPMENT_TEAM = R5H9KYR9S8;
				GENERATE_INFOPLIST_FILE = YES;
				MARKETING_VERSION = 1.0;
				PRODUCT_BUNDLE_IDENTIFIER = com.denis.InternshipAppUITests;
				PRODUCT_NAME = "$(TARGET_NAME)";
				SWIFT_EMIT_LOC_STRINGS = NO;
				SWIFT_VERSION = 5.0;
				TARGETED_DEVICE_FAMILY = "1,2";
				TEST_TARGET_NAME = InternshipApp;
			};
			name = Release;
		};
/* End XCBuildConfiguration section */

/* Begin XCConfigurationList section */
		BFF14E132C6A002C007B9632 /* Build configuration list for PBXProject "InternshipApp" */ = {
			isa = XCConfigurationList;
			buildConfigurations = (
				BFF14E3A2C6A002F007B9632 /* Debug */,
				BFF14E3B2C6A002F007B9632 /* Release */,
			);
			defaultConfigurationIsVisible = 0;
			defaultConfigurationName = Release;
		};
		BFF14E3C2C6A002F007B9632 /* Build configuration list for PBXNativeTarget "InternshipApp" */ = {
			isa = XCConfigurationList;
			buildConfigurations = (
				BFF14E3D2C6A002F007B9632 /* Debug */,
				BFF14E3E2C6A002F007B9632 /* Release */,
			);
			defaultConfigurationIsVisible = 0;
			defaultConfigurationName = Release;
		};
		BFF14E3F2C6A002F007B9632 /* Build configuration list for PBXNativeTarget "InternshipAppTests" */ = {
			isa = XCConfigurationList;
			buildConfigurations = (
				BFF14E402C6A002F007B9632 /* Debug */,
				BFF14E412C6A002F007B9632 /* Release */,
			);
			defaultConfigurationIsVisible = 0;
			defaultConfigurationName = Release;
		};
		BFF14E422C6A002F007B9632 /* Build configuration list for PBXNativeTarget "InternshipAppUITests" */ = {
			isa = XCConfigurationList;
			buildConfigurations = (
				BFF14E432C6A002F007B9632 /* Debug */,
				BFF14E442C6A002F007B9632 /* Release */,
			);
			defaultConfigurationIsVisible = 0;
			defaultConfigurationName = Release;
		};
/* End XCConfigurationList section */

/* Begin XCRemoteSwiftPackageReference section */
		6D4CFDF42C749ED50096D675 /* XCRemoteSwiftPackageReference "firebase-ios-sdk" */ = {
			isa = XCRemoteSwiftPackageReference;
			repositoryURL = "https://github.com/firebase/firebase-ios-sdk.git";
			requirement = {
				kind = upToNextMajorVersion;
				minimumVersion = 11.1.0;
			};
		};
		6D4CFE032C74C76A0096D675 /* XCRemoteSwiftPackageReference "GoogleSignIn-iOS" */ = {
			isa = XCRemoteSwiftPackageReference;
			repositoryURL = "https://github.com/google/GoogleSignIn-iOS.git";
			requirement = {
				kind = upToNextMajorVersion;
				minimumVersion = 8.0.0;
			};
		};
/* End XCRemoteSwiftPackageReference section */

/* Begin XCSwiftPackageProductDependency section */
		6D4CFDF52C749ED50096D675 /* FirebaseAnalytics */ = {
			isa = XCSwiftPackageProductDependency;
			package = 6D4CFDF42C749ED50096D675 /* XCRemoteSwiftPackageReference "firebase-ios-sdk" */;
			productName = FirebaseAnalytics;
		};
		6D4CFDF82C74A90D0096D675 /* FirebaseAuth */ = {
			isa = XCSwiftPackageProductDependency;
			package = 6D4CFDF42C749ED50096D675 /* XCRemoteSwiftPackageReference "firebase-ios-sdk" */;
			productName = FirebaseAuth;
		};
		6D4CFE042C74C76A0096D675 /* GoogleSignIn */ = {
			isa = XCSwiftPackageProductDependency;
			package = 6D4CFE032C74C76A0096D675 /* XCRemoteSwiftPackageReference "GoogleSignIn-iOS" */;
			productName = GoogleSignIn;
		};
		6D4CFE062C74C76A0096D675 /* GoogleSignInSwift */ = {
			isa = XCSwiftPackageProductDependency;
			package = 6D4CFE032C74C76A0096D675 /* XCRemoteSwiftPackageReference "GoogleSignIn-iOS" */;
			productName = GoogleSignInSwift;
		};
		6D4CFE292C777CFF0096D675 /* FirebaseFirestore */ = {
			isa = XCSwiftPackageProductDependency;
			package = 6D4CFDF42C749ED50096D675 /* XCRemoteSwiftPackageReference "firebase-ios-sdk" */;
			productName = FirebaseFirestore;
		};
		6DA1C96C2C78C03400252E1D /* FirebaseStorage */ = {
			isa = XCSwiftPackageProductDependency;
			package = 6D4CFDF42C749ED50096D675 /* XCRemoteSwiftPackageReference "firebase-ios-sdk" */;
			productName = FirebaseStorage;
		};
/* End XCSwiftPackageProductDependency section */
	};
	rootObject = BFF14E102C6A002C007B9632 /* Project object */;
}
